
Microsoft Visual Studio Solution File, Format Version 12.00
# Visual Studio Version 17
VisualStudioVersion = 17.14.36408.4 d17.14
MinimumVisualStudioVersion = 10.0.40219.1
Project("{E24C65DC-7377-472B-9ABA-BC803B73C61A}") = "ProjectWebsite", ".", "{8289333E-0D04-4A77-86C2-898432657A23}"
	ProjectSection(WebsiteProperties) = preProject
		TargetFrameworkMoniker = ".NETFramework,Version%3Dv4.8"
		Debug.AspNetCompiler.VirtualPath = "/localhost_54230"
		Debug.AspNetCompiler.PhysicalPath = "D:\School\Year 2\Semester 2\ITP272 - Main Project\ProjectWebsite\"
		Debug.AspNetCompiler.TargetPath = "PrecompiledWeb\localhost_54230\"
		Debug.AspNetCompiler.Updateable = "true"
		Debug.AspNetCompiler.ForceOverwrite = "true"
		Debug.AspNetCompiler.FixedNames = "false"
		Debug.AspNetCompiler.Debug = "True"
		Release.AspNetCompiler.VirtualPath = "/localhost_54230"
		Release.AspNetCompiler.PhysicalPath = "D:\School\Year 2\Semester 2\ITP272 - Main Project\ProjectWebsite\"
		Release.AspNetCompiler.TargetPath = "PrecompiledWeb\localhost_54230\"
		Release.AspNetCompiler.Updateable = "true"
		Release.AspNetCompiler.ForceOverwrite = "true"
		Release.AspNetCompiler.FixedNames = "false"
		Release.AspNetCompiler.Debug = "False"
		VWDPort = "54230"
	EndProjectSection
EndProject
Global
	GlobalSection(SolutionConfigurationPlatforms) = preSolution
		Debug|Any CPU = Debug|Any CPU
	EndGlobalSection
	GlobalSection(ProjectConfigurationPlatforms) = postSolution
		{8289333E-0D04-4A77-86C2-898432657A23}.Debug|Any CPU.ActiveCfg = Debug|Any CPU
		{8289333E-0D04-4A77-86C2-898432657A23}.Debug|Any CPU.Build.0 = Debug|Any CPU
	EndGlobalSection
	GlobalSection(SolutionProperties) = preSolution
		HideSolutionNode = FALSE
	EndGlobalSection
EndGlobal
